
Microsoft Visual Studio Solution File, Format Version 12.00
# Visual Studio Version 17
VisualStudioVersion = 17.10.35013.160
MinimumVisualStudioVersion = 10.0.40219.1
Project("{FAE04EC0-301F-11D3-BF4B-00C04F79EFBC}") = "CvsHelperTalk", "CvsHelperTalk.csproj", "{B5223515-18AC-4EBF-9D80-8267FC50CFE3}"
EndProject
Global
	GlobalSection(SolutionConfigurationPlatforms) = preSolution
		Debug|Any CPU = Debug|Any CPU
		Release|Any CPU = Release|Any CPU
	EndGlobalSection
	GlobalSection(ProjectConfigurationPlatforms) = postSolution
		{B5223515-18AC-4EBF-9D80-8267FC50CFE3}.Debug|Any CPU.ActiveCfg = Debug|Any CPU
		{B5223515-18AC-4EBF-9D80-8267FC50CFE3}.Debug|Any CPU.Build.0 = Debug|Any CPU
		{B5223515-18AC-4EBF-9D80-8267FC50CFE3}.Release|Any CPU.ActiveCfg = Release|Any CPU
		{B5223515-18AC-4EBF-9D80-8267FC50CFE3}.Release|Any CPU.Build.0 = Release|Any CPU
	EndGlobalSection
	GlobalSection(SolutionProperties) = preSolution
		HideSolutionNode = FALSE
	EndGlobalSection
	GlobalSection(ExtensibilityGlobals) = postSolution
		SolutionGuid = {1AFDF981-C6C9-43BE-9F12-B40B000F23DD}
	EndGlobalSection
EndGlobal
